
Microsoft Visual Studio Solution File, Format Version 12.00
# Visual Studio Version 17
VisualStudioVersion = 17.1.32319.34
MinimumVisualStudioVersion = 10.0.40219.1
Project("{FAE04EC0-301F-11D3-BF4B-00C04F79EFBC}") = "grooving", "grooving.csproj", "{DDE82865-54D7-4203-AADE-71009F5F02F2}"
EndProject
Global
	GlobalSection(SolutionConfigurationPlatforms) = preSolution
		Debug|Any CPU = Debug|Any CPU
		Release|Any CPU = Release|Any CPU
	EndGlobalSection
	GlobalSection(ProjectConfigurationPlatforms) = postSolution
		{DDE82865-54D7-4203-AADE-71009F5F02F2}.Debug|Any CPU.ActiveCfg = Debug|Any CPU
		{DDE82865-54D7-4203-AADE-71009F5F02F2}.Debug|Any CPU.Build.0 = Debug|Any CPU
		{DDE82865-54D7-4203-AADE-71009F5F02F2}.Release|Any CPU.ActiveCfg = Release|Any CPU
		{DDE82865-54D7-4203-AADE-71009F5F02F2}.Release|Any CPU.Build.0 = Release|Any CPU
	EndGlobalSection
	GlobalSection(SolutionProperties) = preSolution
		HideSolutionNode = FALSE
	EndGlobalSection
	GlobalSection(ExtensibilityGlobals) = postSolution
		SolutionGuid = {404008D6-4031-4A1E-85B8-27B79C61AC35}
	EndGlobalSection
EndGlobal
